<Solution>
  <Configurations>
    <Platform Name="x64" />
    <Platform Name="x86" />
  </Configurations>
  <Project Path="C++_Learning/ch_01/ch_01.vcxproj" Id="58db8f06-3de7-490c-aa27-366f39da735a" />
  <Project Path="C++_Learning/ch_02/ch_02.vcxproj" Id="94a7c3fb-81b9-460e-acac-dbf7e19c9b05" />
  <Project Path="C++_Learning/ch_03/ch_03.vcxproj" Id="af85b8a3-6851-47a0-be54-db39707038b8" />
  <Project Path="C++_Learning/ch_04/ch_04.vcxproj" Id="47690e54-ebd9-4226-9089-11ad97b979b2" />
  <Project Path="Projects/Rectangle/Rectangle.vcxproj" Id="5056d862-6414-406a-b838-6aecdccd9617" />
  <Project Path="Projects/Shader/Shader.vcxproj" Id="1342bb37-3225-4c92-abf7-b65292991142" />
  <Project Path="Projects/Testing/Testing.vcxproj" Id="54525f58-8d94-4a67-8cb4-58d0afaa29cf" />
  <Project Path="Projects/Textures/Textures.vcxproj" Id="56087ddb-4723-444d-8437-6b0c75a882ef" />
  <Project Path="Projects/Triangle/Triangle.vcxproj" Id="c8637ed1-eab5-49a9-9b8d-e730e0b22bcc" />
</Solution>
