<?xml version="1.0" encoding="utf-8"?>
<Project ToolsVersion="4.0" xmlns="http://schemas.microsoft.com/developer/msbuild/2003">
  <ItemGroup>
    <ClCompile Include="..\..\Commons\glad.c">
      <Filter>소스 파일</Filter>
    </ClCompile>
    <ClCompile Include="Triangle_main.cpp">
      <Filter>소스 파일</Filter>
    </ClCompile>
  </ItemGroup>
  <ItemGroup>
    <Filter Include="소스 파일">
      <UniqueIdentifier>{04a15303-dac0-443e-9268-15d23655ee8f}</UniqueIdentifier>
    </Filter>
    <Filter Include="헤더 파일">
      <UniqueIdentifier>{e4071c23-5f07-41c8-ba4c-c8ebdbdbc2e4}</UniqueIdentifier>
    </Filter>
  </ItemGroup>
</Project>